
Microsoft Visual Studio Solution File, Format Version 12.00
# Visual Studio Version 17
VisualStudioVersion = 17.5.002.0
MinimumVisualStudioVersion = 10.0.40219.1
Project("{9A19103F-16F7-4668-BE54-9A1E7A4F7556}") = "RollDiceGame", "RollDiceGame\RollDiceGame.csproj", "{ED352270-EB75-4883-A469-355841CD44A1}"
EndProject
Global
	GlobalSection(SolutionConfigurationPlatforms) = preSolution
		Debug|Any CPU = Debug|Any CPU
		Release|Any CPU = Release|Any CPU
	EndGlobalSection
	GlobalSection(ProjectConfigurationPlatforms) = postSolution
		{ED352270-EB75-4883-A469-355841CD44A1}.Debug|Any CPU.ActiveCfg = Debug|Any CPU
		{ED352270-EB75-4883-A469-355841CD44A1}.Debug|Any CPU.Build.0 = Debug|Any CPU
		{ED352270-EB75-4883-A469-355841CD44A1}.Release|Any CPU.ActiveCfg = Release|Any CPU
		{ED352270-EB75-4883-A469-355841CD44A1}.Release|Any CPU.Build.0 = Release|Any CPU
	EndGlobalSection
	GlobalSection(SolutionProperties) = preSolution
		HideSolutionNode = FALSE
	EndGlobalSection
	GlobalSection(ExtensibilityGlobals) = postSolution
		SolutionGuid = {25F631EC-1A47-43D5-9F02-8DD7BF1C7A8A}
	EndGlobalSection
EndGlobal
